
Microsoft Visual Studio Solution File, Format Version 12.00
# Visual Studio 2015
Project("{FAE04EC0-301F-11D3-BF4B-00C04F79EFBC}") = "GeoBox_Juniors.CSharp", "GeoBox_Juniors.CSharp.csproj", "{89C76347-D3A1-F4D7-E015-4150B177818E}"
EndProject
Global
	GlobalSection(SolutionConfigurationPlatforms) = preSolution
		Debug|Any CPU = Debug|Any CPU
		Release|Any CPU = Release|Any CPU
	EndGlobalSection
	GlobalSection(ProjectConfigurationPlatforms) = postSolution
		{89C76347-D3A1-F4D7-E015-4150B177818E}.Debug|Any CPU.ActiveCfg = Debug|Any CPU
		{89C76347-D3A1-F4D7-E015-4150B177818E}.Debug|Any CPU.Build.0 = Debug|Any CPU
		{89C76347-D3A1-F4D7-E015-4150B177818E}.Release|Any CPU.ActiveCfg = Release|Any CPU
		{89C76347-D3A1-F4D7-E015-4150B177818E}.Release|Any CPU.Build.0 = Release|Any CPU
	EndGlobalSection
	GlobalSection(SolutionProperties) = preSolution
		HideSolutionNode = FALSE
	EndGlobalSection
EndGlobal
